// !$*UTF8*$!
{
	archiveVersion = 1;
	classes = {
	};
	objectVersion = 46;
	objects = {

/* Begin PBXBuildFile section */
		6C168145161EBAE1005D0A9C /* VisualizingVeniceLogo.jpg in Resources */ = {isa = PBXBuildFile; fileRef = 6C168144161EBAE1005D0A9C /* VisualizingVeniceLogo.jpg */; };
		6C168147161EBD49005D0A9C /* MapKit.framework in Frameworks */ = {isa = PBXBuildFile; fileRef = 6C168146161EBD49005D0A9C /* MapKit.framework */; };
		6C168149161ECCEF005D0A9C /* ImageIO.framework in Frameworks */ = {isa = PBXBuildFile; fileRef = 6C168148161ECCEF005D0A9C /* ImageIO.framework */; };
		6CE17702161ED967007A6004 /* UIKit.framework in Frameworks */ = {isa = PBXBuildFile; fileRef = 6CF0CF9E161EA6E70071C246 /* UIKit.framework */; };
		6CE17703161ED967007A6004 /* Foundation.framework in Frameworks */ = {isa = PBXBuildFile; fileRef = 6CF0CFA0161EA6E70071C246 /* Foundation.framework */; };
		6CE17704161ED967007A6004 /* CoreGraphics.framework in Frameworks */ = {isa = PBXBuildFile; fileRef = 6CF0CFA2161EA6E70071C246 /* CoreGraphics.framework */; };
		6CE1770A161ED967007A6004 /* InfoPlist.strings in Resources */ = {isa = PBXBuildFile; fileRef = 6CE17708161ED967007A6004 /* InfoPlist.strings */; };
		6CE1770C161ED967007A6004 /* main.m in Sources */ = {isa = PBXBuildFile; fileRef = 6CE1770B161ED967007A6004 /* main.m */; };
		6CE17710161ED967007A6004 /* AppDelegate.m in Sources */ = {isa = PBXBuildFile; fileRef = 6CE1770F161ED967007A6004 /* AppDelegate.m */; };
		6CE17712161ED967007A6004 /* Default.png in Resources */ = {isa = PBXBuildFile; fileRef = 6CE17711161ED967007A6004 /* Default.png */; };
		6CE17714161ED967007A6004 /* Default@2x.png in Resources */ = {isa = PBXBuildFile; fileRef = 6CE17713161ED967007A6004 /* Default@2x.png */; };
		6CE17716161ED967007A6004 /* Default-568h@2x.png in Resources */ = {isa = PBXBuildFile; fileRef = 6CE17715161ED967007A6004 /* Default-568h@2x.png */; };
		6CE17719161ED967007A6004 /* MainStoryboard_iPhone.storyboard in Resources */ = {isa = PBXBuildFile; fileRef = 6CE17717161ED967007A6004 /* MainStoryboard_iPhone.storyboard */; };
		6CE1771C161ED967007A6004 /* MainStoryboard_iPad.storyboard in Resources */ = {isa = PBXBuildFile; fileRef = 6CE1771A161ED967007A6004 /* MainStoryboard_iPad.storyboard */; };
		6CE1771F161ED967007A6004 /* ViewController.m in Sources */ = {isa = PBXBuildFile; fileRef = 6CE1771E161ED967007A6004 /* ViewController.m */; };
		6CE17726161ED968007A6004 /* SenTestingKit.framework in Frameworks */ = {isa = PBXBuildFile; fileRef = 6CF0CFBC161EA6E70071C246 /* SenTestingKit.framework */; };
		6CE17727161ED968007A6004 /* UIKit.framework in Frameworks */ = {isa = PBXBuildFile; fileRef = 6CF0CF9E161EA6E70071C246 /* UIKit.framework */; };
		6CE17728161ED968007A6004 /* Foundation.framework in Frameworks */ = {isa = PBXBuildFile; fileRef = 6CF0CFA0161EA6E70071C246 /* Foundation.framework */; };
		6CE17730161ED968007A6004 /* InfoPlist.strings in Resources */ = {isa = PBXBuildFile; fileRef = 6CE1772E161ED968007A6004 /* InfoPlist.strings */; };
		6CE17733161ED968007A6004 /* VisualizingVeniceAppTests.m in Sources */ = {isa = PBXBuildFile; fileRef = 6CE17732161ED968007A6004 /* VisualizingVeniceAppTests.m */; };
		6CF0CFDF161EAFB20071C246 /* UIKit.framework in Frameworks */ = {isa = PBXBuildFile; fileRef = 6CF0CF9E161EA6E70071C246 /* UIKit.framework */; };
		6CF0CFE0161EAFB20071C246 /* Foundation.framework in Frameworks */ = {isa = PBXBuildFile; fileRef = 6CF0CFA0161EA6E70071C246 /* Foundation.framework */; };
		6CF0CFE1161EAFB20071C246 /* CoreGraphics.framework in Frameworks */ = {isa = PBXBuildFile; fileRef = 6CF0CFA2161EA6E70071C246 /* CoreGraphics.framework */; };
		6CF0CFE7161EAFB20071C246 /* InfoPlist.strings in Resources */ = {isa = PBXBuildFile; fileRef = 6CF0CFE5161EAFB20071C246 /* InfoPlist.strings */; };
		6CF0CFE9161EAFB20071C246 /* main.m in Sources */ = {isa = PBXBuildFile; fileRef = 6CF0CFE8161EAFB20071C246 /* main.m */; };
		6CF0CFED161EAFB20071C246 /* AppDelegate.m in Sources */ = {isa = PBXBuildFile; fileRef = 6CF0CFEC161EAFB20071C246 /* AppDelegate.m */; };
		6CF0CFEF161EAFB20071C246 /* Default.png in Resources */ = {isa = PBXBuildFile; fileRef = 6CF0CFEE161EAFB20071C246 /* Default.png */; };
		6CF0CFF1161EAFB20071C246 /* Default@2x.png in Resources */ = {isa = PBXBuildFile; fileRef = 6CF0CFF0161EAFB20071C246 /* Default@2x.png */; };
		6CF0CFF3161EAFB20071C246 /* Default-568h@2x.png in Resources */ = {isa = PBXBuildFile; fileRef = 6CF0CFF2161EAFB20071C246 /* Default-568h@2x.png */; };
		6CF0CFF6161EAFB20071C246 /* MainStoryboard_iPhone.storyboard in Resources */ = {isa = PBXBuildFile; fileRef = 6CF0CFF4161EAFB20071C246 /* MainStoryboard_iPhone.storyboard */; };
		6CF0CFF9161EAFB20071C246 /* MainStoryboard_iPad.storyboard in Resources */ = {isa = PBXBuildFile; fileRef = 6CF0CFF7161EAFB20071C246 /* MainStoryboard_iPad.storyboard */; };
		6CF0CFFC161EAFB20071C246 /* HomescreenViewController.m in Sources */ = {isa = PBXBuildFile; fileRef = 6CF0CFFB161EAFB20071C246 /* HomescreenViewController.m */; };
		6CF0D003161EAFB20071C246 /* SenTestingKit.framework in Frameworks */ = {isa = PBXBuildFile; fileRef = 6CF0CFBC161EA6E70071C246 /* SenTestingKit.framework */; };
		6CF0D004161EAFB20071C246 /* UIKit.framework in Frameworks */ = {isa = PBXBuildFile; fileRef = 6CF0CF9E161EA6E70071C246 /* UIKit.framework */; };
		6CF0D005161EAFB20071C246 /* Foundation.framework in Frameworks */ = {isa = PBXBuildFile; fileRef = 6CF0CFA0161EA6E70071C246 /* Foundation.framework */; };
		6CF0D00D161EAFB20071C246 /* InfoPlist.strings in Resources */ = {isa = PBXBuildFile; fileRef = 6CF0D00B161EAFB20071C246 /* InfoPlist.strings */; };
		6CF0D010161EAFB20071C246 /* VisualizingVeniceApplicationTests.m in Sources */ = {isa = PBXBuildFile; fileRef = 6CF0D00F161EAFB20071C246 /* VisualizingVeniceApplicationTests.m */; };
		6CF0D020161EB4920071C246 /* IntermediateViewController.m in Sources */ = {isa = PBXBuildFile; fileRef = 6CF0D01F161EB4920071C246 /* IntermediateViewController.m */; };
/* End PBXBuildFile section */

/* Begin PBXContainerItemProxy section */
		6CE17729161ED968007A6004 /* PBXContainerItemProxy */ = {
			isa = PBXContainerItemProxy;
			containerPortal = 6CF0CF91161EA6E70071C246 /* Project object */;
			proxyType = 1;
			remoteGlobalIDString = 6CE176FF161ED967007A6004;
			remoteInfo = VisualizingVeniceApp;
		};
		6CF0D006161EAFB20071C246 /* PBXContainerItemProxy */ = {
			isa = PBXContainerItemProxy;
			containerPortal = 6CF0CF91161EA6E70071C246 /* Project object */;
			proxyType = 1;
			remoteGlobalIDString = 6CF0CFDC161EAFB20071C246;
			remoteInfo = VisualizingVeniceApplication;
		};
/* End PBXContainerItemProxy section */

/* Begin PBXFileReference section */
		6C168144161EBAE1005D0A9C /* VisualizingVeniceLogo.jpg */ = {isa = PBXFileReference; lastKnownFileType = image.jpeg; name = VisualizingVeniceLogo.jpg; path = ../../../VisualizingVeniceLogo.jpg; sourceTree = "<group>"; };
		6C168146161EBD49005D0A9C /* MapKit.framework */ = {isa = PBXFileReference; lastKnownFileType = wrapper.framework; name = MapKit.framework; path = System/Library/Frameworks/MapKit.framework; sourceTree = SDKROOT; };
		6C168148161ECCEF005D0A9C /* ImageIO.framework */ = {isa = PBXFileReference; lastKnownFileType = wrapper.framework; name = ImageIO.framework; path = System/Library/Frameworks/ImageIO.framework; sourceTree = SDKROOT; };
		6CE17700161ED967007A6004 /* VisualizingVeniceApp.app */ = {isa = PBXFileReference; explicitFileType = wrapper.application; includeInIndex = 0; path = VisualizingVeniceApp.app; sourceTree = BUILT_PRODUCTS_DIR; };
		6CE17707161ED967007A6004 /* VisualizingVeniceApp-Info.plist */ = {isa = PBXFileReference; lastKnownFileType = text.plist.xml; path = "VisualizingVeniceApp-Info.plist"; sourceTree = "<group>"; };
		6CE17709161ED967007A6004 /* en */ = {isa = PBXFileReference; lastKnownFileType = text.plist.strings; name = en; path = en.lproj/InfoPlist.strings; sourceTree = "<group>"; };
		6CE1770B161ED967007A6004 /* main.m */ = {isa = PBXFileReference; lastKnownFileType = sourcecode.c.objc; path = main.m; sourceTree = "<group>"; };
		6CE1770D161ED967007A6004 /* VisualizingVeniceApp-Prefix.pch */ = {isa = PBXFileReference; lastKnownFileType = sourcecode.c.h; path = "VisualizingVeniceApp-Prefix.pch"; sourceTree = "<group>"; };
		6CE1770E161ED967007A6004 /* AppDelegate.h */ = {isa = PBXFileReference; lastKnownFileType = sourcecode.c.h; path = AppDelegate.h; sourceTree = "<group>"; };
		6CE1770F161ED967007A6004 /* AppDelegate.m */ = {isa = PBXFileReference; lastKnownFileType = sourcecode.c.objc; path = AppDelegate.m; sourceTree = "<group>"; };
		6CE17711161ED967007A6004 /* Default.png */ = {isa = PBXFileReference; lastKnownFileType = image.png; path = Default.png; sourceTree = "<group>"; };
		6CE17713161ED967007A6004 /* Default@2x.png */ = {isa = PBXFileReference; lastKnownFileType = image.png; path = "Default@2x.png"; sourceTree = "<group>"; };
		6CE17715161ED967007A6004 /* Default-568h@2x.png */ = {isa = PBXFileReference; lastKnownFileType = image.png; path = "Default-568h@2x.png"; sourceTree = "<group>"; };
		6CE17718161ED967007A6004 /* en */ = {isa = PBXFileReference; lastKnownFileType = file.storyboard; name = en; path = en.lproj/MainStoryboard_iPhone.storyboard; sourceTree = "<group>"; };
		6CE1771B161ED967007A6004 /* en */ = {isa = PBXFileReference; lastKnownFileType = file.storyboard; name = en; path = en.lproj/MainStoryboard_iPad.storyboard; sourceTree = "<group>"; };
		6CE1771D161ED967007A6004 /* ViewController.h */ = {isa = PBXFileReference; lastKnownFileType = sourcecode.c.h; path = ViewController.h; sourceTree = "<group>"; };
		6CE1771E161ED967007A6004 /* ViewController.m */ = {isa = PBXFileReference; lastKnownFileType = sourcecode.c.objc; path = ViewController.m; sourceTree = "<group>"; };
		6CE17725161ED968007A6004 /* VisualizingVeniceAppTests.octest */ = {isa = PBXFileReference; explicitFileType = wrapper.cfbundle; includeInIndex = 0; path = VisualizingVeniceAppTests.octest; sourceTree = BUILT_PRODUCTS_DIR; };
		6CE1772D161ED968007A6004 /* VisualizingVeniceAppTests-Info.plist */ = {isa = PBXFileReference; lastKnownFileType = text.plist.xml; path = "VisualizingVeniceAppTests-Info.plist"; sourceTree = "<group>"; };
		6CE1772F161ED968007A6004 /* en */ = {isa = PBXFileReference; lastKnownFileType = text.plist.strings; name = en; path = en.lproj/InfoPlist.strings; sourceTree = "<group>"; };
		6CE17731161ED968007A6004 /* VisualizingVeniceAppTests.h */ = {isa = PBXFileReference; lastKnownFileType = sourcecode.c.h; path = VisualizingVeniceAppTests.h; sourceTree = "<group>"; };
		6CE17732161ED968007A6004 /* VisualizingVeniceAppTests.m */ = {isa = PBXFileReference; lastKnownFileType = sourcecode.c.objc; path = VisualizingVeniceAppTests.m; sourceTree = "<group>"; };
		6CF0CF9E161EA6E70071C246 /* UIKit.framework */ = {isa = PBXFileReference; lastKnownFileType = wrapper.framework; name = UIKit.framework; path = System/Library/Frameworks/UIKit.framework; sourceTree = SDKROOT; };
		6CF0CFA0161EA6E70071C246 /* Foundation.framework */ = {isa = PBXFileReference; lastKnownFileType = wrapper.framework; name = Foundation.framework; path = System/Library/Frameworks/Foundation.framework; sourceTree = SDKROOT; };
		6CF0CFA2161EA6E70071C246 /* CoreGraphics.framework */ = {isa = PBXFileReference; lastKnownFileType = wrapper.framework; name = CoreGraphics.framework; path = System/Library/Frameworks/CoreGraphics.framework; sourceTree = SDKROOT; };
		6CF0CFBC161EA6E70071C246 /* SenTestingKit.framework */ = {isa = PBXFileReference; lastKnownFileType = wrapper.framework; name = SenTestingKit.framework; path = Library/Frameworks/SenTestingKit.framework; sourceTree = DEVELOPER_DIR; };
		6CF0CFDD161EAFB20071C246 /* VisualizingVeniceApplication.app */ = {isa = PBXFileReference; explicitFileType = wrapper.application; includeInIndex = 0; path = VisualizingVeniceApplication.app; sourceTree = BUILT_PRODUCTS_DIR; };
		6CF0CFE4161EAFB20071C246 /* VisualizingVeniceApplication-Info.plist */ = {isa = PBXFileReference; lastKnownFileType = text.plist.xml; path = "VisualizingVeniceApplication-Info.plist"; sourceTree = "<group>"; };
		6CF0CFE6161EAFB20071C246 /* en */ = {isa = PBXFileReference; lastKnownFileType = text.plist.strings; name = en; path = en.lproj/InfoPlist.strings; sourceTree = "<group>"; };
		6CF0CFE8161EAFB20071C246 /* main.m */ = {isa = PBXFileReference; lastKnownFileType = sourcecode.c.objc; path = main.m; sourceTree = "<group>"; };
		6CF0CFEA161EAFB20071C246 /* VisualizingVeniceApplication-Prefix.pch */ = {isa = PBXFileReference; lastKnownFileType = sourcecode.c.h; path = "VisualizingVeniceApplication-Prefix.pch"; sourceTree = "<group>"; };
		6CF0CFEB161EAFB20071C246 /* AppDelegate.h */ = {isa = PBXFileReference; lastKnownFileType = sourcecode.c.h; path = AppDelegate.h; sourceTree = "<group>"; };
		6CF0CFEC161EAFB20071C246 /* AppDelegate.m */ = {isa = PBXFileReference; lastKnownFileType = sourcecode.c.objc; path = AppDelegate.m; sourceTree = "<group>"; };
		6CF0CFEE161EAFB20071C246 /* Default.png */ = {isa = PBXFileReference; lastKnownFileType = image.png; path = Default.png; sourceTree = "<group>"; };
		6CF0CFF0161EAFB20071C246 /* Default@2x.png */ = {isa = PBXFileReference; lastKnownFileType = image.png; path = "Default@2x.png"; sourceTree = "<group>"; };
		6CF0CFF2161EAFB20071C246 /* Default-568h@2x.png */ = {isa = PBXFileReference; lastKnownFileType = image.png; path = "Default-568h@2x.png"; sourceTree = "<group>"; };
		6CF0CFF5161EAFB20071C246 /* en */ = {isa = PBXFileReference; lastKnownFileType = file.storyboard; name = en; path = en.lproj/MainStoryboard_iPhone.storyboard; sourceTree = "<group>"; };
		6CF0CFF8161EAFB20071C246 /* en */ = {isa = PBXFileReference; lastKnownFileType = file.storyboard; name = en; path = en.lproj/MainStoryboard_iPad.storyboard; sourceTree = "<group>"; };
		6CF0CFFA161EAFB20071C246 /* HomescreenViewController.h */ = {isa = PBXFileReference; lastKnownFileType = sourcecode.c.h; path = HomescreenViewController.h; sourceTree = "<group>"; };
		6CF0CFFB161EAFB20071C246 /* HomescreenViewController.m */ = {isa = PBXFileReference; lastKnownFileType = sourcecode.c.objc; path = HomescreenViewController.m; sourceTree = "<group>"; };
		6CF0D002161EAFB20071C246 /* VisualizingVeniceApplicationTests.octest */ = {isa = PBXFileReference; explicitFileType = wrapper.cfbundle; includeInIndex = 0; path = VisualizingVeniceApplicationTests.octest; sourceTree = BUILT_PRODUCTS_DIR; };
		6CF0D00A161EAFB20071C246 /* VisualizingVeniceApplicationTests-Info.plist */ = {isa = PBXFileReference; lastKnownFileType = text.plist.xml; path = "VisualizingVeniceApplicationTests-Info.plist"; sourceTree = "<group>"; };
		6CF0D00C161EAFB20071C246 /* en */ = {isa = PBXFileReference; lastKnownFileType = text.plist.strings; name = en; path = en.lproj/InfoPlist.strings; sourceTree = "<group>"; };
		6CF0D00E161EAFB20071C246 /* VisualizingVeniceApplicationTests.h */ = {isa = PBXFileReference; lastKnownFileType = sourcecode.c.h; path = VisualizingVeniceApplicationTests.h; sourceTree = "<group>"; };
		6CF0D00F161EAFB20071C246 /* VisualizingVeniceApplicationTests.m */ = {isa = PBXFileReference; lastKnownFileType = sourcecode.c.objc; path = VisualizingVeniceApplicationTests.m; sourceTree = "<group>"; };
		6CF0D01E161EB4920071C246 /* IntermediateViewController.h */ = {isa = PBXFileReference; fileEncoding = 4; lastKnownFileType = sourcecode.c.h; path = IntermediateViewController.h; sourceTree = "<group>"; };
		6CF0D01F161EB4920071C246 /* IntermediateViewController.m */ = {isa = PBXFileReference; fileEncoding = 4; lastKnownFileType = sourcecode.c.objc; path = IntermediateViewController.m; sourceTree = "<group>"; };
/* End PBXFileReference section */

/* Begin PBXFrameworksBuildPhase section */
		6CE176FD161ED967007A6004 /* Frameworks */ = {
			isa = PBXFrameworksBuildPhase;
			buildActionMask = 2147483647;
			files = (
				6CE17702161ED967007A6004 /* UIKit.framework in Frameworks */,
				6CE17703161ED967007A6004 /* Foundation.framework in Frameworks */,
				6CE17704161ED967007A6004 /* CoreGraphics.framework in Frameworks */,
			);
			runOnlyForDeploymentPostprocessing = 0;
		};
		6CE17721161ED968007A6004 /* Frameworks */ = {
			isa = PBXFrameworksBuildPhase;
			buildActionMask = 2147483647;
			files = (
				6CE17726161ED968007A6004 /* SenTestingKit.framework in Frameworks */,
				6CE17727161ED968007A6004 /* UIKit.framework in Frameworks */,
				6CE17728161ED968007A6004 /* Foundation.framework in Frameworks */,
			);
			runOnlyForDeploymentPostprocessing = 0;
		};
		6CF0CFDA161EAFB20071C246 /* Frameworks */ = {
			isa = PBXFrameworksBuildPhase;
			buildActionMask = 2147483647;
			files = (
				6C168149161ECCEF005D0A9C /* ImageIO.framework in Frameworks */,
				6CF0CFDF161EAFB20071C246 /* UIKit.framework in Frameworks */,
				6C168147161EBD49005D0A9C /* MapKit.framework in Frameworks */,
				6CF0CFE0161EAFB20071C246 /* Foundation.framework in Frameworks */,
				6CF0CFE1161EAFB20071C246 /* CoreGraphics.framework in Frameworks */,
			);
			runOnlyForDeploymentPostprocessing = 0;
		};
		6CF0CFFE161EAFB20071C246 /* Frameworks */ = {
			isa = PBXFrameworksBuildPhase;
			buildActionMask = 2147483647;
			files = (
				6CF0D003161EAFB20071C246 /* SenTestingKit.framework in Frameworks */,
				6CF0D004161EAFB20071C246 /* UIKit.framework in Frameworks */,
				6CF0D005161EAFB20071C246 /* Foundation.framework in Frameworks */,
			);
			runOnlyForDeploymentPostprocessing = 0;
		};
/* End PBXFrameworksBuildPhase section */

/* Begin PBXGroup section */
		6C168140161EB9E9005D0A9C /* HomescreenViewControllers */ = {
			isa = PBXGroup;
			children = (
				6CF0CFFA161EAFB20071C246 /* HomescreenViewController.h */,
				6CF0CFFB161EAFB20071C246 /* HomescreenViewController.m */,
			);
			name = HomescreenViewControllers;
			sourceTree = "<group>";
		};
		6C168142161EB9F5005D0A9C /* IntermediateViewControlls */ = {
			isa = PBXGroup;
			children = (
				6CF0D01E161EB4920071C246 /* IntermediateViewController.h */,
				6CF0D01F161EB4920071C246 /* IntermediateViewController.m */,
			);
			name = IntermediateViewControlls;
			sourceTree = "<group>";
		};
		6C168143161EBA19005D0A9C /* Resources */ = {
			isa = PBXGroup;
			children = (
				6C168144161EBAE1005D0A9C /* VisualizingVeniceLogo.jpg */,
				6CF0CFEE161EAFB20071C246 /* Default.png */,
				6CF0CFF0161EAFB20071C246 /* Default@2x.png */,
				6CF0CFF2161EAFB20071C246 /* Default-568h@2x.png */,
			);
			name = Resources;
			sourceTree = "<group>";
		};
		6CE17705161ED967007A6004 /* VisualizingVeniceApp */ = {
			isa = PBXGroup;
			children = (
				6CE1770E161ED967007A6004 /* AppDelegate.h */,
				6CE1770F161ED967007A6004 /* AppDelegate.m */,
				6CE17717161ED967007A6004 /* MainStoryboard_iPhone.storyboard */,
				6CE1771A161ED967007A6004 /* MainStoryboard_iPad.storyboard */,
				6CE1771D161ED967007A6004 /* ViewController.h */,
				6CE1771E161ED967007A6004 /* ViewController.m */,
				6CE17706161ED967007A6004 /* Supporting Files */,
			);
			path = VisualizingVeniceApp;
			sourceTree = "<group>";
		};
		6CE17706161ED967007A6004 /* Supporting Files */ = {
			isa = PBXGroup;
			children = (
				6CE17707161ED967007A6004 /* VisualizingVeniceApp-Info.plist */,
				6CE17708161ED967007A6004 /* InfoPlist.strings */,
				6CE1770B161ED967007A6004 /* main.m */,
				6CE1770D161ED967007A6004 /* VisualizingVeniceApp-Prefix.pch */,
				6CE17711161ED967007A6004 /* Default.png */,
				6CE17713161ED967007A6004 /* Default@2x.png */,
				6CE17715161ED967007A6004 /* Default-568h@2x.png */,
			);
			name = "Supporting Files";
			sourceTree = "<group>";
		};
		6CE1772B161ED968007A6004 /* VisualizingVeniceAppTests */ = {
			isa = PBXGroup;
			children = (
				6CE17731161ED968007A6004 /* VisualizingVeniceAppTests.h */,
				6CE17732161ED968007A6004 /* VisualizingVeniceAppTests.m */,
				6CE1772C161ED968007A6004 /* Supporting Files */,
			);
			path = VisualizingVeniceAppTests;
			sourceTree = "<group>";
		};
		6CE1772C161ED968007A6004 /* Supporting Files */ = {
			isa = PBXGroup;
			children = (
				6CE1772D161ED968007A6004 /* VisualizingVeniceAppTests-Info.plist */,
				6CE1772E161ED968007A6004 /* InfoPlist.strings */,
			);
			name = "Supporting Files";
			sourceTree = "<group>";
		};
		6CF0CF8F161EA6E70071C246 = {
			isa = PBXGroup;
			children = (
				6CF0CFE2161EAFB20071C246 /* VisualizingVeniceApplication */,
				6CF0D008161EAFB20071C246 /* VisualizingVeniceApplicationTests */,
				6CE17705161ED967007A6004 /* VisualizingVeniceApp */,
				6CE1772B161ED968007A6004 /* VisualizingVeniceAppTests */,
				6CF0CF9D161EA6E70071C246 /* Frameworks */,
				6CF0CF9B161EA6E70071C246 /* Products */,
			);
			sourceTree = "<group>";
		};
		6CF0CF9B161EA6E70071C246 /* Products */ = {
			isa = PBXGroup;
			children = (
				6CF0CFDD161EAFB20071C246 /* VisualizingVeniceApplication.app */,
				6CF0D002161EAFB20071C246 /* VisualizingVeniceApplicationTests.octest */,
				6CE17700161ED967007A6004 /* VisualizingVeniceApp.app */,
				6CE17725161ED968007A6004 /* VisualizingVeniceAppTests.octest */,
			);
			name = Products;
			sourceTree = "<group>";
		};
		6CF0CF9D161EA6E70071C246 /* Frameworks */ = {
			isa = PBXGroup;
			children = (
				6C168148161ECCEF005D0A9C /* ImageIO.framework */,
				6C168146161EBD49005D0A9C /* MapKit.framework */,
				6CF0CF9E161EA6E70071C246 /* UIKit.framework */,
				6CF0CFA0161EA6E70071C246 /* Foundation.framework */,
				6CF0CFA2161EA6E70071C246 /* CoreGraphics.framework */,
				6CF0CFBC161EA6E70071C246 /* SenTestingKit.framework */,
			);
			name = Frameworks;
			sourceTree = "<group>";
		};
		6CF0CFE2161EAFB20071C246 /* VisualizingVeniceApplication */ = {
			isa = PBXGroup;
			children = (
				6CF0CFEB161EAFB20071C246 /* AppDelegate.h */,
				6CF0CFEC161EAFB20071C246 /* AppDelegate.m */,
				6C168140161EB9E9005D0A9C /* HomescreenViewControllers */,
				6C168142161EB9F5005D0A9C /* IntermediateViewControlls */,
				6CF0D017161EAFE70071C246 /* Storyboards */,
				6CF0CFE3161EAFB20071C246 /* Supporting Files */,
				6C168143161EBA19005D0A9C /* Resources */,
			);
			path = VisualizingVeniceApplication;
			sourceTree = "<group>";
		};
		6CF0CFE3161EAFB20071C246 /* Supporting Files */ = {
			isa = PBXGroup;
			children = (
				6CF0CFE4161EAFB20071C246 /* VisualizingVeniceApplication-Info.plist */,
				6CF0CFE5161EAFB20071C246 /* InfoPlist.strings */,
				6CF0CFE8161EAFB20071C246 /* main.m */,
				6CF0CFEA161EAFB20071C246 /* VisualizingVeniceApplication-Prefix.pch */,
			);
			name = "Supporting Files";
			sourceTree = "<group>";
		};
		6CF0D008161EAFB20071C246 /* VisualizingVeniceApplicationTests */ = {
			isa = PBXGroup;
			children = (
				6CF0D00E161EAFB20071C246 /* VisualizingVeniceApplicationTests.h */,
				6CF0D00F161EAFB20071C246 /* VisualizingVeniceApplicationTests.m */,
				6CF0D009161EAFB20071C246 /* Supporting Files */,
			);
			path = VisualizingVeniceApplicationTests;
			sourceTree = "<group>";
		};
		6CF0D009161EAFB20071C246 /* Supporting Files */ = {
			isa = PBXGroup;
			children = (
				6CF0D00A161EAFB20071C246 /* VisualizingVeniceApplicationTests-Info.plist */,
				6CF0D00B161EAFB20071C246 /* InfoPlist.strings */,
			);
			name = "Supporting Files";
			sourceTree = "<group>";
		};
		6CF0D017161EAFE70071C246 /* Storyboards */ = {
			isa = PBXGroup;
			children = (
				6CF0CFF4161EAFB20071C246 /* MainStoryboard_iPhone.storyboard */,
				6CF0CFF7161EAFB20071C246 /* MainStoryboard_iPad.storyboard */,
			);
			name = Storyboards;
			path = ..;
			sourceTree = "<group>";
		};
/* End PBXGroup section */

/* Begin PBXNativeTarget section */
		6CE176FF161ED967007A6004 /* VisualizingVeniceApp */ = {
			isa = PBXNativeTarget;
			buildConfigurationList = 6CE17734161ED968007A6004 /* Build configuration list for PBXNativeTarget "VisualizingVeniceApp" */;
			buildPhases = (
				6CE176FC161ED967007A6004 /* Sources */,
				6CE176FD161ED967007A6004 /* Frameworks */,
				6CE176FE161ED967007A6004 /* Resources */,
			);
			buildRules = (
			);
			dependencies = (
			);
			name = VisualizingVeniceApp;
			productName = VisualizingVeniceApp;
			productReference = 6CE17700161ED967007A6004 /* VisualizingVeniceApp.app */;
			productType = "com.apple.product-type.application";
		};
		6CE17724161ED968007A6004 /* VisualizingVeniceAppTests */ = {
			isa = PBXNativeTarget;
			buildConfigurationList = 6CE17737161ED968007A6004 /* Build configuration list for PBXNativeTarget "VisualizingVeniceAppTests" */;
			buildPhases = (
				6CE17720161ED968007A6004 /* Sources */,
				6CE17721161ED968007A6004 /* Frameworks */,
				6CE17722161ED968007A6004 /* Resources */,
				6CE17723161ED968007A6004 /* ShellScript */,
			);
			buildRules = (
			);
			dependencies = (
				6CE1772A161ED968007A6004 /* PBXTargetDependency */,
			);
			name = VisualizingVeniceAppTests;
			productName = VisualizingVeniceAppTests;
			productReference = 6CE17725161ED968007A6004 /* VisualizingVeniceAppTests.octest */;
			productType = "com.apple.product-type.bundle";
		};
		6CF0CFDC161EAFB20071C246 /* VisualizingVeniceApplication */ = {
			isa = PBXNativeTarget;
			buildConfigurationList = 6CF0D011161EAFB20071C246 /* Build configuration list for PBXNativeTarget "VisualizingVeniceApplication" */;
			buildPhases = (
				6CF0CFD9161EAFB20071C246 /* Sources */,
				6CF0CFDA161EAFB20071C246 /* Frameworks */,
				6CF0CFDB161EAFB20071C246 /* Resources */,
			);
			buildRules = (
			);
			dependencies = (
			);
			name = VisualizingVeniceApplication;
			productName = VisualizingVeniceApplication;
			productReference = 6CF0CFDD161EAFB20071C246 /* VisualizingVeniceApplication.app */;
			productType = "com.apple.product-type.application";
		};
		6CF0D001161EAFB20071C246 /* VisualizingVeniceApplicationTests */ = {
			isa = PBXNativeTarget;
			buildConfigurationList = 6CF0D014161EAFB20071C246 /* Build configuration list for PBXNativeTarget "VisualizingVeniceApplicationTests" */;
			buildPhases = (
				6CF0CFFD161EAFB20071C246 /* Sources */,
				6CF0CFFE161EAFB20071C246 /* Frameworks */,
				6CF0CFFF161EAFB20071C246 /* Resources */,
				6CF0D000161EAFB20071C246 /* ShellScript */,
			);
			buildRules = (
			);
			dependencies = (
				6CF0D007161EAFB20071C246 /* PBXTargetDependency */,
			);
			name = VisualizingVeniceApplicationTests;
			productName = VisualizingVeniceApplicationTests;
			productReference = 6CF0D002161EAFB20071C246 /* VisualizingVeniceApplicationTests.octest */;
			productType = "com.apple.product-type.bundle";
		};
/* End PBXNativeTarget section */

/* Begin PBXProject section */
		6CF0CF91161EA6E70071C246 /* Project object */ = {
			isa = PBXProject;
			attributes = {
				LastUpgradeCheck = 0450;
				ORGANIZATIONNAME = "Nicholas Gordon";
			};
			buildConfigurationList = 6CF0CF94161EA6E70071C246 /* Build configuration list for PBXProject "VisualizingVeniceApp" */;
			compatibilityVersion = "Xcode 3.2";
			developmentRegion = English;
			hasScannedForEncodings = 0;
			knownRegions = (
				en,
			);
			mainGroup = 6CF0CF8F161EA6E70071C246;
			productRefGroup = 6CF0CF9B161EA6E70071C246 /* Products */;
			projectDirPath = "";
			projectRoot = "";
			targets = (
				6CF0CFDC161EAFB20071C246 /* VisualizingVeniceApplication */,
				6CF0D001161EAFB20071C246 /* VisualizingVeniceApplicationTests */,
				6CE176FF161ED967007A6004 /* VisualizingVeniceApp */,
				6CE17724161ED968007A6004 /* VisualizingVeniceAppTests */,
			);
		};
/* End PBXProject section */

/* Begin PBXResourcesBuildPhase section */
		6CE176FE161ED967007A6004 /* Resources */ = {
			isa = PBXResourcesBuildPhase;
			buildActionMask = 2147483647;
			files = (
				6CE1770A161ED967007A6004 /* InfoPlist.strings in Resources */,
				6CE17712161ED967007A6004 /* Default.png in Resources */,
				6CE17714161ED967007A6004 /* Default@2x.png in Resources */,
				6CE17716161ED967007A6004 /* Default-568h@2x.png in Resources */,
				6CE17719161ED967007A6004 /* MainStoryboard_iPhone.storyboard in Resources */,
				6CE1771C161ED967007A6004 /* MainStoryboard_iPad.storyboard in Resources */,
			);
			runOnlyForDeploymentPostprocessing = 0;
		};
		6CE17722161ED968007A6004 /* Resources */ = {
			isa = PBXResourcesBuildPhase;
			buildActionMask = 2147483647;
			files = (
				6CE17730161ED968007A6004 /* InfoPlist.strings in Resources */,
			);
			runOnlyForDeploymentPostprocessing = 0;
		};
		6CF0CFDB161EAFB20071C246 /* Resources */ = {
			isa = PBXResourcesBuildPhase;
			buildActionMask = 2147483647;
			files = (
				6CF0CFE7161EAFB20071C246 /* InfoPlist.strings in Resources */,
				6CF0CFEF161EAFB20071C246 /* Default.png in Resources */,
				6CF0CFF1161EAFB20071C246 /* Default@2x.png in Resources */,
				6CF0CFF3161EAFB20071C246 /* Default-568h@2x.png in Resources */,
				6CF0CFF6161EAFB20071C246 /* MainStoryboard_iPhone.storyboard in Resources */,
				6CF0CFF9161EAFB20071C246 /* MainStoryboard_iPad.storyboard in Resources */,
				6C168145161EBAE1005D0A9C /* VisualizingVeniceLogo.jpg in Resources */,
			);
			runOnlyForDeploymentPostprocessing = 0;
		};
		6CF0CFFF161EAFB20071C246 /* Resources */ = {
			isa = PBXResourcesBuildPhase;
			buildActionMask = 2147483647;
			files = (
				6CF0D00D161EAFB20071C246 /* InfoPlist.strings in Resources */,
			);
			runOnlyForDeploymentPostprocessing = 0;
		};
/* End PBXResourcesBuildPhase section */

/* Begin PBXShellScriptBuildPhase section */
		6CE17723161ED968007A6004 /* ShellScript */ = {
			isa = PBXShellScriptBuildPhase;
			buildActionMask = 2147483647;
			files = (
			);
			inputPaths = (
			);
			outputPaths = (
			);
			runOnlyForDeploymentPostprocessing = 0;
			shellPath = /bin/sh;
			shellScript = "# Run the unit tests in this test bundle.\n\"${SYSTEM_DEVELOPER_DIR}/Tools/RunUnitTests\"\n";
		};
		6CF0D000161EAFB20071C246 /* ShellScript */ = {
			isa = PBXShellScriptBuildPhase;
			buildActionMask = 2147483647;
			files = (
			);
			inputPaths = (
			);
			outputPaths = (
			);
			runOnlyForDeploymentPostprocessing = 0;
			shellPath = /bin/sh;
			shellScript = "# Run the unit tests in this test bundle.\n\"${SYSTEM_DEVELOPER_DIR}/Tools/RunUnitTests\"\n";
		};
/* End PBXShellScriptBuildPhase section */

/* Begin PBXSourcesBuildPhase section */
		6CE176FC161ED967007A6004 /* Sources */ = {
			isa = PBXSourcesBuildPhase;
			buildActionMask = 2147483647;
			files = (
				6CE1770C161ED967007A6004 /* main.m in Sources */,
				6CE17710161ED967007A6004 /* AppDelegate.m in Sources */,
				6CE1771F161ED967007A6004 /* ViewController.m in Sources */,
			);
			runOnlyForDeploymentPostprocessing = 0;
		};
		6CE17720161ED968007A6004 /* Sources */ = {
			isa = PBXSourcesBuildPhase;
			buildActionMask = 2147483647;
			files = (
				6CE17733161ED968007A6004 /* VisualizingVeniceAppTests.m in Sources */,
			);
			runOnlyForDeploymentPostprocessing = 0;
		};
		6CF0CFD9161EAFB20071C246 /* Sources */ = {
			isa = PBXSourcesBuildPhase;
			buildActionMask = 2147483647;
			files = (
				6CF0CFE9161EAFB20071C246 /* main.m in Sources */,
				6CF0CFED161EAFB20071C246 /* AppDelegate.m in Sources */,
				6CF0CFFC161EAFB20071C246 /* HomescreenViewController.m in Sources */,
				6CF0D020161EB4920071C246 /* IntermediateViewController.m in Sources */,
			);
			runOnlyForDeploymentPostprocessing = 0;
		};
		6CF0CFFD161EAFB20071C246 /* Sources */ = {
			isa = PBXSourcesBuildPhase;
			buildActionMask = 2147483647;
			files = (
				6CF0D010161EAFB20071C246 /* VisualizingVeniceApplicationTests.m in Sources */,
			);
			runOnlyForDeploymentPostprocessing = 0;
		};
/* End PBXSourcesBuildPhase section */

/* Begin PBXTargetDependency section */
		6CE1772A161ED968007A6004 /* PBXTargetDependency */ = {
			isa = PBXTargetDependency;
			target = 6CE176FF161ED967007A6004 /* VisualizingVeniceApp */;
			targetProxy = 6CE17729161ED968007A6004 /* PBXContainerItemProxy */;
		};
		6CF0D007161EAFB20071C246 /* PBXTargetDependency */ = {
			isa = PBXTargetDependency;
			target = 6CF0CFDC161EAFB20071C246 /* VisualizingVeniceApplication */;
			targetProxy = 6CF0D006161EAFB20071C246 /* PBXContainerItemProxy */;
		};
/* End PBXTargetDependency section */

/* Begin PBXVariantGroup section */
		6CE17708161ED967007A6004 /* InfoPlist.strings */ = {
			isa = PBXVariantGroup;
			children = (
				6CE17709161ED967007A6004 /* en */,
			);
			name = InfoPlist.strings;
			sourceTree = "<group>";
		};
		6CE17717161ED967007A6004 /* MainStoryboard_iPhone.storyboard */ = {
			isa = PBXVariantGroup;
			children = (
				6CE17718161ED967007A6004 /* en */,
			);
			name = MainStoryboard_iPhone.storyboard;
			sourceTree = "<group>";
		};
		6CE1771A161ED967007A6004 /* MainStoryboard_iPad.storyboard */ = {
			isa = PBXVariantGroup;
			children = (
				6CE1771B161ED967007A6004 /* en */,
			);
			name = MainStoryboard_iPad.storyboard;
			sourceTree = "<group>";
		};
		6CE1772E161ED968007A6004 /* InfoPlist.strings */ = {
			isa = PBXVariantGroup;
			children = (
				6CE1772F161ED968007A6004 /* en */,
			);
			name = InfoPlist.strings;
			sourceTree = "<group>";
		};
		6CF0CFE5161EAFB20071C246 /* InfoPlist.strings */ = {
			isa = PBXVariantGroup;
			children = (
				6CF0CFE6161EAFB20071C246 /* en */,
			);
			name = InfoPlist.strings;
			sourceTree = "<group>";
		};
		6CF0CFF4161EAFB20071C246 /* MainStoryboard_iPhone.storyboard */ = {
			isa = PBXVariantGroup;
			children = (
				6CF0CFF5161EAFB20071C246 /* en */,
			);
			name = MainStoryboard_iPhone.storyboard;
			path = VisualizingVeniceApplication;
			sourceTree = "<group>";
		};
		6CF0CFF7161EAFB20071C246 /* MainStoryboard_iPad.storyboard */ = {
			isa = PBXVariantGroup;
			children = (
				6CF0CFF8161EAFB20071C246 /* en */,
			);
			name = MainStoryboard_iPad.storyboard;
			path = VisualizingVeniceApplication;
			sourceTree = "<group>";
		};
		6CF0D00B161EAFB20071C246 /* InfoPlist.strings */ = {
			isa = PBXVariantGroup;
			children = (
				6CF0D00C161EAFB20071C246 /* en */,
			);
			name = InfoPlist.strings;
			sourceTree = "<group>";
		};
/* End PBXVariantGroup section */

/* Begin XCBuildConfiguration section */
		6CE17735161ED968007A6004 /* Debug */ = {
			isa = XCBuildConfiguration;
			buildSettings = {
				"CODE_SIGN_IDENTITY[sdk=iphoneos*]" = "iPhone Developer";
				GCC_PRECOMPILE_PREFIX_HEADER = YES;
				GCC_PREFIX_HEADER = "VisualizingVeniceApp/VisualizingVeniceApp-Prefix.pch";
				INFOPLIST_FILE = "VisualizingVeniceApp/VisualizingVeniceApp-Info.plist";
				PRODUCT_NAME = "$(TARGET_NAME)";
				WRAPPER_EXTENSION = app;
			};
			name = Debug;
		};
		6CE17736161ED968007A6004 /* Release */ = {
			isa = XCBuildConfiguration;
			buildSettings = {
				"CODE_SIGN_IDENTITY[sdk=iphoneos*]" = "iPhone Developer";
				GCC_PRECOMPILE_PREFIX_HEADER = YES;
				GCC_PREFIX_HEADER = "VisualizingVeniceApp/VisualizingVeniceApp-Prefix.pch";
				INFOPLIST_FILE = "VisualizingVeniceApp/VisualizingVeniceApp-Info.plist";
				PRODUCT_NAME = "$(TARGET_NAME)";
				WRAPPER_EXTENSION = app;
			};
			name = Release;
		};
		6CE17738161ED968007A6004 /* Debug */ = {
			isa = XCBuildConfiguration;
			buildSettings = {
				BUNDLE_LOADER = "$(BUILT_PRODUCTS_DIR)/VisualizingVeniceApp.app/VisualizingVeniceApp";
				FRAMEWORK_SEARCH_PATHS = (
					"\"$(SDKROOT)/Developer/Library/Frameworks\"",
					"\"$(DEVELOPER_LIBRARY_DIR)/Frameworks\"",
				);
				GCC_PRECOMPILE_PREFIX_HEADER = YES;
				GCC_PREFIX_HEADER = "VisualizingVeniceApp/VisualizingVeniceApp-Prefix.pch";
				INFOPLIST_FILE = "VisualizingVeniceAppTests/VisualizingVeniceAppTests-Info.plist";
				PRODUCT_NAME = "$(TARGET_NAME)";
				TEST_HOST = "$(BUNDLE_LOADER)";
				WRAPPER_EXTENSION = octest;
			};
			name = Debug;
		};
		6CE17739161ED968007A6004 /* Release */ = {
			isa = XCBuildConfiguration;
			buildSettings = {
				BUNDLE_LOADER = "$(BUILT_PRODUCTS_DIR)/VisualizingVeniceApp.app/VisualizingVeniceApp";
				FRAMEWORK_SEARCH_PATHS = (
					"\"$(SDKROOT)/Developer/Library/Frameworks\"",
					"\"$(DEVELOPER_LIBRARY_DIR)/Frameworks\"",
				);
				GCC_PRECOMPILE_PREFIX_HEADER = YES;
				GCC_PREFIX_HEADER = "VisualizingVeniceApp/VisualizingVeniceApp-Prefix.pch";
				INFOPLIST_FILE = "VisualizingVeniceAppTests/VisualizingVeniceAppTests-Info.plist";
				PRODUCT_NAME = "$(TARGET_NAME)";
				TEST_HOST = "$(BUNDLE_LOADER)";
				WRAPPER_EXTENSION = octest;
			};
			name = Release;
		};
		6CF0CFCB161EA6E70071C246 /* Debug */ = {
			isa = XCBuildConfiguration;
			buildSettings = {
				ALWAYS_SEARCH_USER_PATHS = NO;
				CLANG_CXX_LANGUAGE_STANDARD = "gnu++0x";
				CLANG_CXX_LIBRARY = "libc++";
				CLANG_ENABLE_OBJC_ARC = YES;
				CLANG_WARN_EMPTY_BODY = YES;
				CLANG_WARN__DUPLICATE_METHOD_MATCH = YES;
				"CODE_SIGN_IDENTITY[sdk=iphoneos*]" = "iPhone Developer";
				COPY_PHASE_STRIP = NO;
				GCC_C_LANGUAGE_STANDARD = gnu99;
				GCC_DYNAMIC_NO_PIC = NO;
				GCC_OPTIMIZATION_LEVEL = 0;
				GCC_PREPROCESSOR_DEFINITIONS = (
					"DEBUG=1",
					"$(inherited)",
				);
				GCC_SYMBOLS_PRIVATE_EXTERN = NO;
				GCC_WARN_ABOUT_RETURN_TYPE = YES;
				GCC_WARN_UNINITIALIZED_AUTOS = YES;
				GCC_WARN_UNUSED_VARIABLE = YES;
				IPHONEOS_DEPLOYMENT_TARGET = 6.0;
				ONLY_ACTIVE_ARCH = YES;
				SDKROOT = iphoneos;
				TARGETED_DEVICE_FAMILY = "1,2";
			};
			name = Debug;
		};
		6CF0CFCC161EA6E70071C246 /* Release */ = {
			isa = XCBuildConfiguration;
			buildSettings = {
				ALWAYS_SEARCH_USER_PATHS = NO;
				CLANG_CXX_LANGUAGE_STANDARD = "gnu++0x";
				CLANG_CXX_LIBRARY = "libc++";
				CLANG_ENABLE_OBJC_ARC = YES;
				CLANG_WARN_EMPTY_BODY = YES;
				CLANG_WARN__DUPLICATE_METHOD_MATCH = YES;
				"CODE_SIGN_IDENTITY[sdk=iphoneos*]" = "iPhone Developer";
				COPY_PHASE_STRIP = YES;
				GCC_C_LANGUAGE_STANDARD = gnu99;
				GCC_WARN_ABOUT_RETURN_TYPE = YES;
				GCC_WARN_UNINITIALIZED_AUTOS = YES;
				GCC_WARN_UNUSED_VARIABLE = YES;
				IPHONEOS_DEPLOYMENT_TARGET = 6.0;
				OTHER_CFLAGS = "-DNS_BLOCK_ASSERTIONS=1";
				SDKROOT = iphoneos;
				TARGETED_DEVICE_FAMILY = "1,2";
				VALIDATE_PRODUCT = YES;
			};
			name = Release;
		};
		6CF0D012161EAFB20071C246 /* Debug */ = {
			isa = XCBuildConfiguration;
			buildSettings = {
				"CODE_SIGN_IDENTITY[sdk=iphoneos*]" = "iPhone Developer";
				GCC_PRECOMPILE_PREFIX_HEADER = YES;
				GCC_PREFIX_HEADER = "VisualizingVeniceApplication/VisualizingVeniceApplication-Prefix.pch";
				INFOPLIST_FILE = "VisualizingVeniceApplication/VisualizingVeniceApplication-Info.plist";
				PRODUCT_NAME = "$(TARGET_NAME)";
				WRAPPER_EXTENSION = app;
			};
			name = Debug;
		};
		6CF0D013161EAFB20071C246 /* Release */ = {
			isa = XCBuildConfiguration;
			buildSettings = {
				"CODE_SIGN_IDENTITY[sdk=iphoneos*]" = "iPhone Developer";
				GCC_PRECOMPILE_PREFIX_HEADER = YES;
				GCC_PREFIX_HEADER = "VisualizingVeniceApplication/VisualizingVeniceApplication-Prefix.pch";
				INFOPLIST_FILE = "VisualizingVeniceApplication/VisualizingVeniceApplication-Info.plist";
				PRODUCT_NAME = "$(TARGET_NAME)";
				WRAPPER_EXTENSION = app;
			};
			name = Release;
		};
		6CF0D015161EAFB20071C246 /* Debug */ = {
			isa = XCBuildConfiguration;
			buildSettings = {
				BUNDLE_LOADER = "$(BUILT_PRODUCTS_DIR)/VisualizingVeniceApplication.app/VisualizingVeniceApplication";
				FRAMEWORK_SEARCH_PATHS = (
					"\"$(SDKROOT)/Developer/Library/Frameworks\"",
					"\"$(DEVELOPER_LIBRARY_DIR)/Frameworks\"",
				);
				GCC_PRECOMPILE_PREFIX_HEADER = YES;
				GCC_PREFIX_HEADER = "VisualizingVeniceApplication/VisualizingVeniceApplication-Prefix.pch";
				INFOPLIST_FILE = "VisualizingVeniceApplicationTests/VisualizingVeniceApplicationTests-Info.plist";
				PRODUCT_NAME = "$(TARGET_NAME)";
				TEST_HOST = "$(BUNDLE_LOADER)";
				WRAPPER_EXTENSION = octest;
			};
			name = Debug;
		};
		6CF0D016161EAFB20071C246 /* Release */ = {
			isa = XCBuildConfiguration;
			buildSettings = {
				BUNDLE_LOADER = "$(BUILT_PRODUCTS_DIR)/VisualizingVeniceApplication.app/VisualizingVeniceApplication";
				FRAMEWORK_SEARCH_PATHS = (
					"\"$(SDKROOT)/Developer/Library/Frameworks\"",
					"\"$(DEVELOPER_LIBRARY_DIR)/Frameworks\"",
				);
				GCC_PRECOMPILE_PREFIX_HEADER = YES;
				GCC_PREFIX_HEADER = "VisualizingVeniceApplication/VisualizingVeniceApplication-Prefix.pch";
				INFOPLIST_FILE = "VisualizingVeniceApplicationTests/VisualizingVeniceApplicationTests-Info.plist";
				PRODUCT_NAME = "$(TARGET_NAME)";
				TEST_HOST = "$(BUNDLE_LOADER)";
				WRAPPER_EXTENSION = octest;
			};
			name = Release;
		};
/* End XCBuildConfiguration section */

/* Begin XCConfigurationList section */
		6CE17734161ED968007A6004 /* Build configuration list for PBXNativeTarget "VisualizingVeniceApp" */ = {
			isa = XCConfigurationList;
			buildConfigurations = (
				6CE17735161ED968007A6004 /* Debug */,
				6CE17736161ED968007A6004 /* Release */,
			);
			defaultConfigurationIsVisible = 0;
		};
		6CE17737161ED968007A6004 /* Build configuration list for PBXNativeTarget "VisualizingVeniceAppTests" */ = {
			isa = XCConfigurationList;
			buildConfigurations = (
				6CE17738161ED968007A6004 /* Debug */,
				6CE17739161ED968007A6004 /* Release */,
			);
			defaultConfigurationIsVisible = 0;
		};
		6CF0CF94161EA6E70071C246 /* Build configuration list for PBXProject "VisualizingVeniceApp" */ = {
			isa = XCConfigurationList;
			buildConfigurations = (
				6CF0CFCB161EA6E70071C246 /* Debug */,
				6CF0CFCC161EA6E70071C246 /* Release */,
			);
			defaultConfigurationIsVisible = 0;
			defaultConfigurationName = Release;
		};
		6CF0D011161EAFB20071C246 /* Build configuration list for PBXNativeTarget "VisualizingVeniceApplication" */ = {
			isa = XCConfigurationList;
			buildConfigurations = (
				6CF0D012161EAFB20071C246 /* Debug */,
				6CF0D013161EAFB20071C246 /* Release */,
			);
			defaultConfigurationIsVisible = 0;
			defaultConfigurationName = Release;
		};
		6CF0D014161EAFB20071C246 /* Build configuration list for PBXNativeTarget "VisualizingVeniceApplicationTests" */ = {
			isa = XCConfigurationList;
			buildConfigurations = (
				6CF0D015161EAFB20071C246 /* Debug */,
				6CF0D016161EAFB20071C246 /* Release */,
			);
			defaultConfigurationIsVisible = 0;
			defaultConfigurationName = Release;
		};
/* End XCConfigurationList section */
	};
	rootObject = 6CF0CF91161EA6E70071C246 /* Project object */;
}
